
Microsoft Visual Studio Solution File, Format Version 12.00
# Visual Studio Version 16
VisualStudioVersion = 16.0.30621.155
MinimumVisualStudioVersion = 10.0.40219.1
Project("{FAE04EC0-301F-11D3-BF4B-00C04F79EFBC}") = "TEST řetězce", "TEST řetězce\TEST řetězce.csproj", "{1B6710A3-FAEB-4CD1-ACEF-0D26CB98CB1A}"
EndProject
Global
	GlobalSection(SolutionConfigurationPlatforms) = preSolution
		Debug|Any CPU = Debug|Any CPU
		Release|Any CPU = Release|Any CPU
	EndGlobalSection
	GlobalSection(ProjectConfigurationPlatforms) = postSolution
		{1B6710A3-FAEB-4CD1-ACEF-0D26CB98CB1A}.Debug|Any CPU.ActiveCfg = Debug|Any CPU
		{1B6710A3-FAEB-4CD1-ACEF-0D26CB98CB1A}.Debug|Any CPU.Build.0 = Debug|Any CPU
		{1B6710A3-FAEB-4CD1-ACEF-0D26CB98CB1A}.Release|Any CPU.ActiveCfg = Release|Any CPU
		{1B6710A3-FAEB-4CD1-ACEF-0D26CB98CB1A}.Release|Any CPU.Build.0 = Release|Any CPU
	EndGlobalSection
	GlobalSection(SolutionProperties) = preSolution
		HideSolutionNode = FALSE
	EndGlobalSection
	GlobalSection(ExtensibilityGlobals) = postSolution
		SolutionGuid = {1EFEA3D4-DF03-48D6-8AAE-6B442EB1013E}
	EndGlobalSection
EndGlobal
